<?xml version="1.0" encoding="utf-8"?>
<Project ToolsVersion="4.0" xmlns="http://schemas.microsoft.com/developer/msbuild/2003">
  <ItemGroup>
    <ClCompile Include="main.cpp" />
    <ClCompile Include="src\gfx\Animation\Animation.cpp" />
    <ClCompile Include="src\gfx\buffers\IndexBuffer.cpp" />
    <ClCompile Include="src\gfx\buffers\VertexArray.cpp" />
    <ClCompile Include="src\gfx\buffers\VertexBuffer.cpp" />
    <ClCompile Include="src\gfx\gameObjects\shapes\RectangleShape.cpp" />
    <ClCompile Include="src\gfx\gameObjects\Sprite.cpp" />
    <ClCompile Include="src\gfx\gameObjects\shapes\TriangleShape.cpp" />
    <ClCompile Include="src\gfx\texture\Texture.cpp" />
    <ClCompile Include="src\gfx\Renderer2D.cpp" />
    <ClCompile Include="src\gfx\Window.cpp" />
    <ClCompile Include="src\shader\Shader.cpp" />
    <ClCompile Include="src\gfx\gameObjects\shapes\SegmentLine.cpp" />
    <ClCompile Include="src\gfx\fonts\TrueTypeFont.cpp" />
    <ClCompile Include="src\gfx\gameObjects\RenderableImage.cpp" />
    <ClCompile Include="src\camera\Camera.cpp" />
    <ClCompile Include="src_mario\game\GameWindow.cpp" />
    <ClCompile Include="src_mario\game\Game.cpp" />
    <ClCompile Include="src_mario\blocks\GroundBlock.cpp" />
    <ClCompile Include="src_mario\entities\Mario.cpp" />
  </ItemGroup>
  <ItemGroup>
    <ClInclude Include="src\gfx\Animation\Animation.h" />
    <ClInclude Include="src\gfx\buffers\IndexBuffer.h" />
    <ClInclude Include="src\gfx\buffers\VertexArray.h" />
    <ClInclude Include="src\gfx\buffers\VertexBuffer.h" />
    <ClInclude Include="src\gfx\gameObjects\GameObject.h" />
    <ClInclude Include="src\gfx\gameObjects\shapes\RectangleShape.h" />
    <ClInclude Include="src\gfx\gameObjects\Renderable.h" />
    <ClInclude Include="src\gfx\gameObjects\Sprite.h" />
    <ClInclude Include="src\gfx\gameObjects\shapes\TriangleShape.h" />
    <ClInclude Include="src\gfx\structs\Colour.h" />
    <ClInclude Include="src\gfx\structs\Position.h" />
    <ClInclude Include="src\gfx\structs\Size.h" />
    <ClInclude Include="src\gfx\structs\Structs.h" />
    <ClInclude Include="src\gfx\texture\Texture.h" />
    <ClInclude Include="src\gfx\Renderer2D.h" />
    <ClInclude Include="src\gfx\texture\TextureCodex.h" />
    <ClInclude Include="src\gfx\Window.h" />
    <ClInclude Include="src\shader\Shader.h" />
    <ClInclude Include="src\utils\File_Reader.h" />
    <ClInclude Include="src\gfx\gameObjects\shapes\SegmentLine.h" />
    <ClInclude Include="src\gfx\fonts\TrueTypeFont.h" />
    <ClInclude Include="src\gfx\gameObjects\RenderableImage.h" />
    <ClInclude Include="src\collision\shapes\Rect.h" />
    <ClInclude Include="src\gfx\structs\Point.h" />
    <ClInclude Include="src\collision\structs\AABB.h" />
    <ClInclude Include="src\collision\structs\Line.h" />
    <ClInclude Include="src\collision\shapes\Box.h" />
    <ClInclude Include="src\camera\Camera.h" />
    <ClInclude Include="src_mario\game\GameWindow.h" />
    <ClInclude Include="src_mario\game\Game.h" />
    <ClInclude Include="src_mario\input\GLFWInputManager.h" />
    <ClInclude Include="src_mario\blocks\GroundBlock.h" />
    <ClInclude Include="src_mario\entities\Mario.h" />
  </ItemGroup>
  <ItemGroup>
    <None Include="shaders\FragmentShader.glsl" />
    <None Include="shaders\VertexShader.glsl" />
  </ItemGroup>
  <ItemGroup>
    <Image Include="res\tileset.png" />
    <Image Include="res\marioset.png" />
  </ItemGroup>
</Project>