<?xml version="1.0" encoding="utf-8"?>
<Project ToolsVersion="4.0" xmlns="http://schemas.microsoft.com/developer/msbuild/2003">
  <ItemGroup>
    <ClCompile Include="main.cpp" />
    <ClCompile Include="src\fonts\TrueTypeFont.cpp" />
    <ClCompile Include="src\gfx\Animation\Animation.cpp" />
    <ClCompile Include="src\gfx\b2draw\DebugDraw.cpp" />
    <ClCompile Include="src\gfx\buffers\IndexBuffer.cpp" />
    <ClCompile Include="src\gfx\buffers\VertexArray.cpp" />
    <ClCompile Include="src\gfx\buffers\VertexBuffer.cpp" />
    <ClCompile Include="src\gfx\gameObjects\shapes\RectangleShape.cpp" />
    <ClCompile Include="src\gfx\gameObjects\Sprite.cpp" />
    <ClCompile Include="src\gfx\gameObjects\shapes\TriangleShape.cpp" />
    <ClCompile Include="src\gfx\texture\Texture.cpp" />
    <ClCompile Include="src\gfx\Renderer2D.cpp" />
    <ClCompile Include="src\gfx\Window.cpp" />
    <ClCompile Include="src\shader\Shader.cpp" />
    <ClCompile Include="src\gfx\gameObjects\shapes\SegmentLine.cpp" />
  </ItemGroup>
  <ItemGroup>
    <ClInclude Include="src\fonts\TrueTypeFont.h" />
    <ClInclude Include="src\gfx\Animation\Animation.h" />
    <ClInclude Include="src\gfx\b2draw\DebugDraw.h" />
    <ClInclude Include="src\gfx\buffers\IndexBuffer.h" />
    <ClInclude Include="src\gfx\buffers\VertexArray.h" />
    <ClInclude Include="src\gfx\buffers\VertexBuffer.h" />
    <ClInclude Include="src\gfx\gameObjects\GameObject.h" />
    <ClInclude Include="src\gfx\gameObjects\shapes\RectangleShape.h" />
    <ClInclude Include="src\gfx\gameObjects\Renderable.h" />
    <ClInclude Include="src\gfx\gameObjects\Sprite.h" />
    <ClInclude Include="src\gfx\gameObjects\shapes\TriangleShape.h" />
    <ClInclude Include="src\gfx\structs\Colour.h" />
    <ClInclude Include="src\gfx\structs\Position.h" />
    <ClInclude Include="src\gfx\structs\Size.h" />
    <ClInclude Include="src\gfx\structs\Structs.h" />
    <ClInclude Include="src\gfx\texture\Texture.h" />
    <ClInclude Include="src\gfx\Renderer2D.h" />
    <ClInclude Include="src\gfx\texture\TextureCodex.h" />
    <ClInclude Include="src\gfx\shapes\Rect.h" />
    <ClInclude Include="src\gfx\Window.h" />
    <ClInclude Include="src\shader\Shader.h" />
    <ClInclude Include="src\utils\File_Reader.h" />
    <ClInclude Include="src\gfx\gameObjects\shapes\SegmentLine.h" />
  </ItemGroup>
  <ItemGroup>
    <Image Include="res\background_blue1.png" />
    <Image Include="res\paddle.png" />
  </ItemGroup>
  <ItemGroup>
    <None Include="shaders\FragmentShader.glsl" />
    <None Include="shaders\VertexShader.glsl" />
  </ItemGroup>
</Project>